# THIS IS AN AUTOGENERATED FILE. DO NOT EDIT THIS FILE DIRECTLY.
# yarn lockfile v1


mongod@^2.0.0:
  version "2.0.0"
  resolved "https://registry.yarnpkg.com/mongod/-/mongod-2.0.0.tgz#ceec4b72305190e85d6f8fac992f15a47eb18c74"
  integrity sha1-zuxLcjBRkOhdb4+smS8VpH6xjHQ=
  dependencies:
    promise-queue "^2.2.3"

promise-queue@^2.2.3:
  version "2.2.5"
  resolved "https://registry.yarnpkg.com/promise-queue/-/promise-queue-2.2.5.tgz#2f6f5f7c0f6d08109e967659c79b88a9ed5e93b4"
  integrity sha1-L29ffA9tCBCelnZZx5uIqe1ek7Q=
